// !$*UTF8*$!
{
	archiveVersion = 1;
	classes = {
	};
	objectVersion = 50;
	objects = {

/* Begin PBXBuildFile section */
		532D3DA42658B49F0050134A /* CourseViewController.swift in Sources */ = {isa = PBXBuildFile; fileRef = 532D3DA32658B49F0050134A /* CourseViewController.swift */; };
		5393FCF22658B3A800C6FF54 /* AppDelegate.swift in Sources */ = {isa = PBXBuildFile; fileRef = 5393FCF12658B3A800C6FF54 /* AppDelegate.swift */; };
		5393FCF42658B3A800C6FF54 /* SceneDelegate.swift in Sources */ = {isa = PBXBuildFile; fileRef = 5393FCF32658B3A800C6FF54 /* SceneDelegate.swift */; };
		5393FCF62658B3A800C6FF54 /* ViewController.swift in Sources */ = {isa = PBXBuildFile; fileRef = 5393FCF52658B3A800C6FF54 /* ViewController.swift */; };
		5393FCF92658B3A800C6FF54 /* Main.storyboard in Resources */ = {isa = PBXBuildFile; fileRef = 5393FCF72658B3A800C6FF54 /* Main.storyboard */; };
		5393FCFB2658B3AA00C6FF54 /* Assets.xcassets in Resources */ = {isa = PBXBuildFile; fileRef = 5393FCFA2658B3AA00C6FF54 /* Assets.xcassets */; };
		5393FCFE2658B3AA00C6FF54 /* LaunchScreen.storyboard in Resources */ = {isa = PBXBuildFile; fileRef = 5393FCFC2658B3AA00C6FF54 /* LaunchScreen.storyboard */; };
/* End PBXBuildFile section */

/* Begin PBXFileReference section */
		532D3DA32658B49F0050134A /* CourseViewController.swift */ = {isa = PBXFileReference; lastKnownFileType = sourcecode.swift; path = CourseViewController.swift; sourceTree = "<group>"; };
		5393FCEE2658B3A800C6FF54 /* FE_iOS-main.app */ = {isa = PBXFileReference; explicitFileType = wrapper.application; includeInIndex = 0; path = "FE_iOS-main.app"; sourceTree = BUILT_PRODUCTS_DIR; };
		5393FCF12658B3A800C6FF54 /* AppDelegate.swift */ = {isa = PBXFileReference; lastKnownFileType = sourcecode.swift; path = AppDelegate.swift; sourceTree = "<group>"; };
		5393FCF32658B3A800C6FF54 /* SceneDelegate.swift */ = {isa = PBXFileReference; lastKnownFileType = sourcecode.swift; path = SceneDelegate.swift; sourceTree = "<group>"; };
		5393FCF52658B3A800C6FF54 /* ViewController.swift */ = {isa = PBXFileReference; lastKnownFileType = sourcecode.swift; path = ViewController.swift; sourceTree = "<group>"; };
		5393FCF82658B3A800C6FF54 /* Base */ = {isa = PBXFileReference; lastKnownFileType = file.storyboard; name = Base; path = Base.lproj/Main.storyboard; sourceTree = "<group>"; };
		5393FCFA2658B3AA00C6FF54 /* Assets.xcassets */ = {isa = PBXFileReference; lastKnownFileType = folder.assetcatalog; path = Assets.xcassets; sourceTree = "<group>"; };
		5393FCFD2658B3AA00C6FF54 /* Base */ = {isa = PBXFileReference; lastKnownFileType = file.storyboard; name = Base; path = Base.lproj/LaunchScreen.storyboard; sourceTree = "<group>"; };
		5393FCFF2658B3AA00C6FF54 /* Info.plist */ = {isa = PBXFileReference; lastKnownFileType = text.plist.xml; path = Info.plist; sourceTree = "<group>"; };
/* End PBXFileReference section */

/* Begin PBXFrameworksBuildPhase section */
		5393FCEB2658B3A800C6FF54 /* Frameworks */ = {
			isa = PBXFrameworksBuildPhase;
			buildActionMask = 2147483647;
			files = (
			);
			runOnlyForDeploymentPostprocessing = 0;
		};
/* End PBXFrameworksBuildPhase section */

/* Begin PBXGroup section */
		5393FCE52658B3A800C6FF54 = {
			isa = PBXGroup;
			children = (
				5393FCF02658B3A800C6FF54 /* FE_iOS-main */,
				5393FCEF2658B3A800C6FF54 /* Products */,
			);
			sourceTree = "<group>";
		};
		5393FCEF2658B3A800C6FF54 /* Products */ = {
			isa = PBXGroup;
			children = (
				5393FCEE2658B3A800C6FF54 /* FE_iOS-main.app */,
			);
			name = Products;
			sourceTree = "<group>";
		};
		5393FCF02658B3A800C6FF54 /* FE_iOS-main */ = {
			isa = PBXGroup;
			children = (
				5393FCF12658B3A800C6FF54 /* AppDelegate.swift */,
				5393FCF32658B3A800C6FF54 /* SceneDelegate.swift */,
				5393FCF52658B3A800C6FF54 /* ViewController.swift */,
				5393FCF72658B3A800C6FF54 /* Main.storyboard */,
				532D3DA32658B49F0050134A /* CourseViewController.swift */,
				5393FCFA2658B3AA00C6FF54 /* Assets.xcassets */,
				5393FCFC2658B3AA00C6FF54 /* LaunchScreen.storyboard */,
				5393FCFF2658B3AA00C6FF54 /* Info.plist */,
			);
			path = "FE_iOS-main";
			sourceTree = "<group>";
		};
/* End PBXGroup section */

/* Begin PBXNativeTarget section */
		5393FCED2658B3A800C6FF54 /* FE_iOS-main */ = {
			isa = PBXNativeTarget;
			buildConfigurationList = 5393FD022658B3AA00C6FF54 /* Build configuration list for PBXNativeTarget "FE_iOS-main" */;
			buildPhases = (
				5393FCEA2658B3A800C6FF54 /* Sources */,
				5393FCEB2658B3A800C6FF54 /* Frameworks */,
				5393FCEC2658B3A800C6FF54 /* Resources */,
			);
			buildRules = (
			);
			dependencies = (
			);
			name = "FE_iOS-main";
			productName = "FE_iOS-main";
			productReference = 5393FCEE2658B3A800C6FF54 /* FE_iOS-main.app */;
			productType = "com.apple.product-type.application";
		};
/* End PBXNativeTarget section */

/* Begin PBXProject section */
		5393FCE62658B3A800C6FF54 /* Project object */ = {
			isa = PBXProject;
			attributes = {
				LastSwiftUpdateCheck = 1240;
				LastUpgradeCheck = 1240;
				TargetAttributes = {
					5393FCED2658B3A800C6FF54 = {
						CreatedOnToolsVersion = 12.4;
					};
				};
			};
			buildConfigurationList = 5393FCE92658B3A800C6FF54 /* Build configuration list for PBXProject "FE_iOS-main" */;
			compatibilityVersion = "Xcode 9.3";
			developmentRegion = en;
			hasScannedForEncodings = 0;
			knownRegions = (
				en,
				Base,
			);
			mainGroup = 5393FCE52658B3A800C6FF54;
			productRefGroup = 5393FCEF2658B3A800C6FF54 /* Products */;
			projectDirPath = "";
			projectRoot = "";
			targets = (
				5393FCED2658B3A800C6FF54 /* FE_iOS-main */,
			);
		};
/* End PBXProject section */

/* Begin PBXResourcesBuildPhase section */
		5393FCEC2658B3A800C6FF54 /* Resources */ = {
			isa = PBXResourcesBuildPhase;
			buildActionMask = 2147483647;
			files = (
				5393FCFE2658B3AA00C6FF54 /* LaunchScreen.storyboard in Resources */,
				5393FCFB2658B3AA00C6FF54 /* Assets.xcassets in Resources */,
				5393FCF92658B3A800C6FF54 /* Main.storyboard in Resources */,
			);
			runOnlyForDeploymentPostprocessing = 0;
		};
/* End PBXResourcesBuildPhase section */

/* Begin PBXSourcesBuildPhase section */
		5393FCEA2658B3A800C6FF54 /* Sources */ = {
			isa = PBXSourcesBuildPhase;
			buildActionMask = 2147483647;
			files = (
				5393FCF62658B3A800C6FF54 /* ViewController.swift in Sources */,
				532D3DA42658B49F0050134A /* CourseViewController.swift in Sources */,
				5393FCF22658B3A800C6FF54 /* AppDelegate.swift in Sources */,
				5393FCF42658B3A800C6FF54 /* SceneDelegate.swift in Sources */,
			);
			runOnlyForDeploymentPostprocessing = 0;
		};
/* End PBXSourcesBuildPhase section */

/* Begin PBXVariantGroup section */
		5393FCF72658B3A800C6FF54 /* Main.storyboard */ = {
			isa = PBXVariantGroup;
			children = (
				5393FCF82658B3A800C6FF54 /* Base */,
			);
			name = Main.storyboard;
			sourceTree = "<group>";
		};
		5393FCFC2658B3AA00C6FF54 /* LaunchScreen.storyboard */ = {
			isa = PBXVariantGroup;
			children = (
				5393FCFD2658B3AA00C6FF54 /* Base */,
			);
			name = LaunchScreen.storyboard;
			sourceTree = "<group>";
		};
/* End PBXVariantGroup section */

/* Begin XCBuildConfiguration section */
		5393FD002658B3AA00C6FF54 /* Debug */ = {
			isa = XCBuildConfiguration;
			buildSettings = {
				ALWAYS_SEARCH_USER_PATHS = NO;
				CLANG_ANALYZER_NONNULL = YES;
				CLANG_ANALYZER_NUMBER_OBJECT_CONVERSION = YES_AGGRESSIVE;
				CLANG_CXX_LANGUAGE_STANDARD = "gnu++14";
				CLANG_CXX_LIBRARY = "libc++";
				CLANG_ENABLE_MODULES = YES;
				CLANG_ENABLE_OBJC_ARC = YES;
				CLANG_ENABLE_OBJC_WEAK = YES;
				CLANG_WARN_BLOCK_CAPTURE_AUTORELEASING = YES;
				CLANG_WARN_BOOL_CONVERSION = YES;
				CLANG_WARN_COMMA = YES;
				CLANG_WARN_CONSTANT_CONVERSION = YES;
				CLANG_WARN_DEPRECATED_OBJC_IMPLEMENTATIONS = YES;
				CLANG_WARN_DIRECT_OBJC_ISA_USAGE = YES_ERROR;
				CLANG_WARN_DOCUMENTATION_COMMENTS = YES;
				CLANG_WARN_EMPTY_BODY = YES;
				CLANG_WARN_ENUM_CONVERSION = YES;
				CLANG_WARN_INFINITE_RECURSION = YES;
				CLANG_WARN_INT_CONVERSION = YES;
				CLANG_WARN_NON_LITERAL_NULL_CONVERSION = YES;
				CLANG_WARN_OBJC_IMPLICIT_RETAIN_SELF = YES;
				CLANG_WARN_OBJC_LITERAL_CONVERSION = YES;
				CLANG_WARN_OBJC_ROOT_CLASS = YES_ERROR;
				CLANG_WARN_QUOTED_INCLUDE_IN_FRAMEWORK_HEADER = YES;
				CLANG_WARN_RANGE_LOOP_ANALYSIS = YES;
				CLANG_WARN_STRICT_PROTOTYPES = YES;
				CLANG_WARN_SUSPICIOUS_MOVE = YES;
				CLANG_WARN_UNGUARDED_AVAILABILITY = YES_AGGRESSIVE;
				CLANG_WARN_UNREACHABLE_CODE = YES;
				CLANG_WARN__DUPLICATE_METHOD_MATCH = YES;
				COPY_PHASE_STRIP = NO;
				DEBUG_INFORMATION_FORMAT = dwarf;
				ENABLE_STRICT_OBJC_MSGSEND = YES;
				ENABLE_TESTABILITY = YES;
				GCC_C_LANGUAGE_STANDARD = gnu11;
				GCC_DYNAMIC_NO_PIC = NO;
				GCC_NO_COMMON_BLOCKS = YES;
				GCC_OPTIMIZATION_LEVEL = 0;
				GCC_PREPROCESSOR_DEFINITIONS = (
					"DEBUG=1",
					"$(inherited)",
				);
				GCC_WARN_64_TO_32_BIT_CONVERSION = YES;
				GCC_WARN_ABOUT_RETURN_TYPE = YES_ERROR;
				GCC_WARN_UNDECLARED_SELECTOR = YES;
				GCC_WARN_UNINITIALIZED_AUTOS = YES_AGGRESSIVE;
				GCC_WARN_UNUSED_FUNCTION = YES;
				GCC_WARN_UNUSED_VARIABLE = YES;
				IPHONEOS_DEPLOYMENT_TARGET = 14.4;
				MTL_ENABLE_DEBUG_INFO = INCLUDE_SOURCE;
				MTL_FAST_MATH = YES;
				ONLY_ACTIVE_ARCH = YES;
				SDKROOT = iphoneos;
				SWIFT_ACTIVE_COMPILATION_CONDITIONS = DEBUG;
				SWIFT_OPTIMIZATION_LEVEL = "-Onone";
			};
			name = Debug;
		};
		5393FD012658B3AA00C6FF54 /* Release */ = {
			isa = XCBuildConfiguration;
			buildSettings = {
				ALWAYS_SEARCH_USER_PATHS = NO;
				CLANG_ANALYZER_NONNULL = YES;
				CLANG_ANALYZER_NUMBER_OBJECT_CONVERSION = YES_AGGRESSIVE;
				CLANG_CXX_LANGUAGE_STANDARD = "gnu++14";
				CLANG_CXX_LIBRARY = "libc++";
				CLANG_ENABLE_MODULES = YES;
				CLANG_ENABLE_OBJC_ARC = YES;
				CLANG_ENABLE_OBJC_WEAK = YES;
				CLANG_WARN_BLOCK_CAPTURE_AUTORELEASING = YES;
				CLANG_WARN_BOOL_CONVERSION = YES;
				CLANG_WARN_COMMA = YES;
				CLANG_WARN_CONSTANT_CONVERSION = YES;
				CLANG_WARN_DEPRECATED_OBJC_IMPLEMENTATIONS = YES;
				CLANG_WARN_DIRECT_OBJC_ISA_USAGE = YES_ERROR;
				CLANG_WARN_DOCUMENTATION_COMMENTS = YES;
				CLANG_WARN_EMPTY_BODY = YES;
				CLANG_WARN_ENUM_CONVERSION = YES;
				CLANG_WARN_INFINITE_RECURSION = YES;
				CLANG_WARN_INT_CONVERSION = YES;
				CLANG_WARN_NON_LITERAL_NULL_CONVERSION = YES;
				CLANG_WARN_OBJC_IMPLICIT_RETAIN_SELF = YES;
				CLANG_WARN_OBJC_LITERAL_CONVERSION = YES;
				CLANG_WARN_OBJC_ROOT_CLASS = YES_ERROR;
				CLANG_WARN_QUOTED_INCLUDE_IN_FRAMEWORK_HEADER = YES;
				CLANG_WARN_RANGE_LOOP_ANALYSIS = YES;
				CLANG_WARN_STRICT_PROTOTYPES = YES;
				CLANG_WARN_SUSPICIOUS_MOVE = YES;
				CLANG_WARN_UNGUARDED_AVAILABILITY = YES_AGGRESSIVE;
				CLANG_WARN_UNREACHABLE_CODE = YES;
				CLANG_WARN__DUPLICATE_METHOD_MATCH = YES;
				COPY_PHASE_STRIP = NO;
				DEBUG_INFORMATION_FORMAT = "dwarf-with-dsym";
				ENABLE_NS_ASSERTIONS = NO;
				ENABLE_STRICT_OBJC_MSGSEND = YES;
				GCC_C_LANGUAGE_STANDARD = gnu11;
				GCC_NO_COMMON_BLOCKS = YES;
				GCC_WARN_64_TO_32_BIT_CONVERSION = YES;
				GCC_WARN_ABOUT_RETURN_TYPE = YES_ERROR;
				GCC_WARN_UNDECLARED_SELECTOR = YES;
				GCC_WARN_UNINITIALIZED_AUTOS = YES_AGGRESSIVE;
				GCC_WARN_UNUSED_FUNCTION = YES;
				GCC_WARN_UNUSED_VARIABLE = YES;
				IPHONEOS_DEPLOYMENT_TARGET = 14.4;
				MTL_ENABLE_DEBUG_INFO = NO;
				MTL_FAST_MATH = YES;
				SDKROOT = iphoneos;
				SWIFT_COMPILATION_MODE = wholemodule;
				SWIFT_OPTIMIZATION_LEVEL = "-O";
				VALIDATE_PRODUCT = YES;
			};
			name = Release;
		};
		5393FD032658B3AA00C6FF54 /* Debug */ = {
			isa = XCBuildConfiguration;
			buildSettings = {
				ASSETCATALOG_COMPILER_APPICON_NAME = AppIcon;
				ASSETCATALOG_COMPILER_GLOBAL_ACCENT_COLOR_NAME = AccentColor;
				CODE_SIGN_STYLE = Automatic;
				INFOPLIST_FILE = "FE_iOS-main/Info.plist";
				LD_RUNPATH_SEARCH_PATHS = (
					"$(inherited)",
					"@executable_path/Frameworks",
				);
				PRODUCT_BUNDLE_IDENTIFIER = "sk.FE-iOS-main";
				PRODUCT_NAME = "$(TARGET_NAME)";
				SWIFT_VERSION = 5.0;
				TARGETED_DEVICE_FAMILY = "1,2";
			};
			name = Debug;
		};
		5393FD042658B3AA00C6FF54 /* Release */ = {
			isa = XCBuildConfiguration;
			buildSettings = {
				ASSETCATALOG_COMPILER_APPICON_NAME = AppIcon;
				ASSETCATALOG_COMPILER_GLOBAL_ACCENT_COLOR_NAME = AccentColor;
				CODE_SIGN_STYLE = Automatic;
				INFOPLIST_FILE = "FE_iOS-main/Info.plist";
				LD_RUNPATH_SEARCH_PATHS = (
					"$(inherited)",
					"@executable_path/Frameworks",
				);
				PRODUCT_BUNDLE_IDENTIFIER = "sk.FE-iOS-main";
				PRODUCT_NAME = "$(TARGET_NAME)";
				SWIFT_VERSION = 5.0;
				TARGETED_DEVICE_FAMILY = "1,2";
			};
			name = Release;
		};
/* End XCBuildConfiguration section */

/* Begin XCConfigurationList section */
		5393FCE92658B3A800C6FF54 /* Build configuration list for PBXProject "FE_iOS-main" */ = {
			isa = XCConfigurationList;
			buildConfigurations = (
				5393FD002658B3AA00C6FF54 /* Debug */,
				5393FD012658B3AA00C6FF54 /* Release */,
			);
			defaultConfigurationIsVisible = 0;
			defaultConfigurationName = Release;
		};
		5393FD022658B3AA00C6FF54 /* Build configuration list for PBXNativeTarget "FE_iOS-main" */ = {
			isa = XCConfigurationList;
			buildConfigurations = (
				5393FD032658B3AA00C6FF54 /* Debug */,
				5393FD042658B3AA00C6FF54 /* Release */,
			);
			defaultConfigurationIsVisible = 0;
			defaultConfigurationName = Release;
		};
/* End XCConfigurationList section */
	};
	rootObject = 5393FCE62658B3A800C6FF54 /* Project object */;
}
